// !$*UTF8*$!
{
	archiveVersion = 1;
	classes = {
	};
	objectVersion = 46;
	objects = {

/* Begin PBXBuildFile section */
		D485C4B11EB2337E00787D17 /* AppDelegate.swift in Sources */ = {isa = PBXBuildFile; fileRef = D485C4B01EB2337E00787D17 /* AppDelegate.swift */; };
		D485C4B31EB2337E00787D17 /* ViewController.swift in Sources */ = {isa = PBXBuildFile; fileRef = D485C4B21EB2337E00787D17 /* ViewController.swift */; };
		D485C4B61EB2337E00787D17 /* Main.storyboard in Resources */ = {isa = PBXBuildFile; fileRef = D485C4B41EB2337E00787D17 /* Main.storyboard */; };
		D485C4B81EB2337E00787D17 /* Assets.xcassets in Resources */ = {isa = PBXBuildFile; fileRef = D485C4B71EB2337E00787D17 /* Assets.xcassets */; };
		D485C4BB1EB2337E00787D17 /* LaunchScreen.storyboard in Resources */ = {isa = PBXBuildFile; fileRef = D485C4B91EB2337E00787D17 /* LaunchScreen.storyboard */; };
/* End PBXBuildFile section */

/* Begin PBXFileReference section */
		D485C4AD1EB2337E00787D17 /* Little Blue Shopping List.app */ = {isa = PBXFileReference; explicitFileType = wrapper.application; includeInIndex = 0; path = "Little Blue Shopping List.app"; sourceTree = BUILT_PRODUCTS_DIR; };
		D485C4B01EB2337E00787D17 /* AppDelegate.swift */ = {isa = PBXFileReference; lastKnownFileType = sourcecode.swift; path = AppDelegate.swift; sourceTree = "<group>"; };
		D485C4B21EB2337E00787D17 /* ViewController.swift */ = {isa = PBXFileReference; lastKnownFileType = sourcecode.swift; path = ViewController.swift; sourceTree = "<group>"; };
		D485C4B51EB2337E00787D17 /* Base */ = {isa = PBXFileReference; lastKnownFileType = file.storyboard; name = Base; path = Base.lproj/Main.storyboard; sourceTree = "<group>"; };
		D485C4B71EB2337E00787D17 /* Assets.xcassets */ = {isa = PBXFileReference; lastKnownFileType = folder.assetcatalog; path = Assets.xcassets; sourceTree = "<group>"; };
		D485C4BA1EB2337E00787D17 /* Base */ = {isa = PBXFileReference; lastKnownFileType = file.storyboard; name = Base; path = Base.lproj/LaunchScreen.storyboard; sourceTree = "<group>"; };
		D485C4BC1EB2337E00787D17 /* Info.plist */ = {isa = PBXFileReference; lastKnownFileType = text.plist.xml; path = Info.plist; sourceTree = "<group>"; };
/* End PBXFileReference section */

/* Begin PBXFrameworksBuildPhase section */
		D485C4AA1EB2337E00787D17 /* Frameworks */ = {
			isa = PBXFrameworksBuildPhase;
			buildActionMask = 2147483647;
			files = (
			);
			runOnlyForDeploymentPostprocessing = 0;
		};
/* End PBXFrameworksBuildPhase section */

/* Begin PBXGroup section */
		D485C4A41EB2337E00787D17 = {
			isa = PBXGroup;
			children = (
				D485C4AF1EB2337E00787D17 /* Little Blue Shopping List */,
				D485C4AE1EB2337E00787D17 /* Products */,
			);
			sourceTree = "<group>";
		};
		D485C4AE1EB2337E00787D17 /* Products */ = {
			isa = PBXGroup;
			children = (
				D485C4AD1EB2337E00787D17 /* Little Blue Shopping List.app */,
			);
			name = Products;
			sourceTree = "<group>";
		};
		D485C4AF1EB2337E00787D17 /* Little Blue Shopping List */ = {
			isa = PBXGroup;
			children = (
				D485C4B01EB2337E00787D17 /* AppDelegate.swift */,
				D485C4B21EB2337E00787D17 /* ViewController.swift */,
				D485C4B41EB2337E00787D17 /* Main.storyboard */,
				D485C4B71EB2337E00787D17 /* Assets.xcassets */,
				D485C4B91EB2337E00787D17 /* LaunchScreen.storyboard */,
				D485C4BC1EB2337E00787D17 /* Info.plist */,
			);
			path = "Little Blue Shopping List";
			sourceTree = "<group>";
		};
/* End PBXGroup section */

/* Begin PBXNativeTarget section */
		D485C4AC1EB2337E00787D17 /* Little Blue Shopping List */ = {
			isa = PBXNativeTarget;
			buildConfigurationList = D485C4BF1EB2337E00787D17 /* Build configuration list for PBXNativeTarget "Little Blue Shopping List" */;
			buildPhases = (
				D485C4A91EB2337E00787D17 /* Sources */,
				D485C4AA1EB2337E00787D17 /* Frameworks */,
				D485C4AB1EB2337E00787D17 /* Resources */,
			);
			buildRules = (
			);
			dependencies = (
			);
			name = "Little Blue Shopping List";
			productName = "Little Blue Shopping List";
			productReference = D485C4AD1EB2337E00787D17 /* Little Blue Shopping List.app */;
			productType = "com.apple.product-type.application";
		};
/* End PBXNativeTarget section */

/* Begin PBXProject section */
		D485C4A51EB2337E00787D17 /* Project object */ = {
			isa = PBXProject;
			attributes = {
				LastSwiftUpdateCheck = 0830;
				LastUpgradeCheck = 0830;
				ORGANIZATIONNAME = Deakin;
				TargetAttributes = {
					D485C4AC1EB2337E00787D17 = {
						CreatedOnToolsVersion = 8.3.2;
						DevelopmentTeam = 24SM6522LU;
						ProvisioningStyle = Automatic;
					};
				};
			};
			buildConfigurationList = D485C4A81EB2337E00787D17 /* Build configuration list for PBXProject "Little Blue Shopping List" */;
			compatibilityVersion = "Xcode 3.2";
			developmentRegion = English;
			hasScannedForEncodings = 0;
			knownRegions = (
				en,
				Base,
			);
			mainGroup = D485C4A41EB2337E00787D17;
			productRefGroup = D485C4AE1EB2337E00787D17 /* Products */;
			projectDirPath = "";
			projectRoot = "";
			targets = (
				D485C4AC1EB2337E00787D17 /* Little Blue Shopping List */,
			);
		};
/* End PBXProject section */

/* Begin PBXResourcesBuildPhase section */
		D485C4AB1EB2337E00787D17 /* Resources */ = {
			isa = PBXResourcesBuildPhase;
			buildActionMask = 2147483647;
			files = (
				D485C4BB1EB2337E00787D17 /* LaunchScreen.storyboard in Resources */,
				D485C4B81EB2337E00787D17 /* Assets.xcassets in Resources */,
				D485C4B61EB2337E00787D17 /* Main.storyboard in Resources */,
			);
			runOnlyForDeploymentPostprocessing = 0;
		};
/* End PBXResourcesBuildPhase section */

/* Begin PBXSourcesBuildPhase section */
		D485C4A91EB2337E00787D17 /* Sources */ = {
			isa = PBXSourcesBuildPhase;
			buildActionMask = 2147483647;
			files = (
				D485C4B31EB2337E00787D17 /* ViewController.swift in Sources */,
				D485C4B11EB2337E00787D17 /* AppDelegate.swift in Sources */,
			);
			runOnlyForDeploymentPostprocessing = 0;
		};
/* End PBXSourcesBuildPhase section */

/* Begin PBXVariantGroup section */
		D485C4B41EB2337E00787D17 /* Main.storyboard */ = {
			isa = PBXVariantGroup;
			children = (
				D485C4B51EB2337E00787D17 /* Base */,
			);
			name = Main.storyboard;
			sourceTree = "<group>";
		};
		D485C4B91EB2337E00787D17 /* LaunchScreen.storyboard */ = {
			isa = PBXVariantGroup;
			children = (
				D485C4BA1EB2337E00787D17 /* Base */,
			);
			name = LaunchScreen.storyboard;
			sourceTree = "<group>";
		};
/* End PBXVariantGroup section */

/* Begin XCBuildConfiguration section */
		D485C4BD1EB2337E00787D17 /* Debug */ = {
			isa = XCBuildConfiguration;
			buildSettings = {
				ALWAYS_SEARCH_USER_PATHS = NO;
				CLANG_ANALYZER_NONNULL = YES;
				CLANG_ANALYZER_NUMBER_OBJECT_CONVERSION = YES_AGGRESSIVE;
				CLANG_CXX_LANGUAGE_STANDARD = "gnu++0x";
				CLANG_CXX_LIBRARY = "libc++";
				CLANG_ENABLE_MODULES = YES;
				CLANG_ENABLE_OBJC_ARC = YES;
				CLANG_WARN_BOOL_CONVERSION = YES;
				CLANG_WARN_CONSTANT_CONVERSION = YES;
				CLANG_WARN_DIRECT_OBJC_ISA_USAGE = YES_ERROR;
				CLANG_WARN_DOCUMENTATION_COMMENTS = YES;
				CLANG_WARN_EMPTY_BODY = YES;
				CLANG_WARN_ENUM_CONVERSION = YES;
				CLANG_WARN_INFINITE_RECURSION = YES;
				CLANG_WARN_INT_CONVERSION = YES;
				CLANG_WARN_OBJC_ROOT_CLASS = YES_ERROR;
				CLANG_WARN_SUSPICIOUS_MOVE = YES;
				CLANG_WARN_UNREACHABLE_CODE = YES;
				CLANG_WARN__DUPLICATE_METHOD_MATCH = YES;
				"CODE_SIGN_IDENTITY[sdk=iphoneos*]" = "iPhone Developer";
				COPY_PHASE_STRIP = NO;
				DEBUG_INFORMATION_FORMAT = dwarf;
				ENABLE_STRICT_OBJC_MSGSEND = YES;
				ENABLE_TESTABILITY = YES;
				GCC_C_LANGUAGE_STANDARD = gnu99;
				GCC_DYNAMIC_NO_PIC = NO;
				GCC_NO_COMMON_BLOCKS = YES;
				GCC_OPTIMIZATION_LEVEL = 0;
				GCC_PREPROCESSOR_DEFINITIONS = (
					"DEBUG=1",
					"$(inherited)",
				);
				GCC_WARN_64_TO_32_BIT_CONVERSION = YES;
				GCC_WARN_ABOUT_RETURN_TYPE = YES_ERROR;
				GCC_WARN_UNDECLARED_SELECTOR = YES;
				GCC_WARN_UNINITIALIZED_AUTOS = YES_AGGRESSIVE;
				GCC_WARN_UNUSED_FUNCTION = YES;
				GCC_WARN_UNUSED_VARIABLE = YES;
				IPHONEOS_DEPLOYMENT_TARGET = 10.3;
				MTL_ENABLE_DEBUG_INFO = YES;
				ONLY_ACTIVE_ARCH = YES;
				SDKROOT = iphoneos;
				SWIFT_ACTIVE_COMPILATION_CONDITIONS = DEBUG;
				SWIFT_OPTIMIZATION_LEVEL = "-Onone";
				TARGETED_DEVICE_FAMILY = "1,2";
			};
			name = Debug;
		};
		D485C4BE1EB2337E00787D17 /* Release */ = {
			isa = XCBuildConfiguration;
			buildSettings = {
				ALWAYS_SEARCH_USER_PATHS = NO;
				CLANG_ANALYZER_NONNULL = YES;
				CLANG_ANALYZER_NUMBER_OBJECT_CONVERSION = YES_AGGRESSIVE;
				CLANG_CXX_LANGUAGE_STANDARD = "gnu++0x";
				CLANG_CXX_LIBRARY = "libc++";
				CLANG_ENABLE_MODULES = YES;
				CLANG_ENABLE_OBJC_ARC = YES;
				CLANG_WARN_BOOL_CONVERSION = YES;
				CLANG_WARN_CONSTANT_CONVERSION = YES;
				CLANG_WARN_DIRECT_OBJC_ISA_USAGE = YES_ERROR;
				CLANG_WARN_DOCUMENTATION_COMMENTS = YES;
				CLANG_WARN_EMPTY_BODY = YES;
				CLANG_WARN_ENUM_CONVERSION = YES;
				CLANG_WARN_INFINITE_RECURSION = YES;
				CLANG_WARN_INT_CONVERSION = YES;
				CLANG_WARN_OBJC_ROOT_CLASS = YES_ERROR;
				CLANG_WARN_SUSPICIOUS_MOVE = YES;
				CLANG_WARN_UNREACHABLE_CODE = YES;
				CLANG_WARN__DUPLICATE_METHOD_MATCH = YES;
				"CODE_SIGN_IDENTITY[sdk=iphoneos*]" = "iPhone Developer";
				COPY_PHASE_STRIP = NO;
				DEBUG_INFORMATION_FORMAT = "dwarf-with-dsym";
				ENABLE_NS_ASSERTIONS = NO;
				ENABLE_STRICT_OBJC_MSGSEND = YES;
				GCC_C_LANGUAGE_STANDARD = gnu99;
				GCC_NO_COMMON_BLOCKS = YES;
				GCC_WARN_64_TO_32_BIT_CONVERSION = YES;
				GCC_WARN_ABOUT_RETURN_TYPE = YES_ERROR;
				GCC_WARN_UNDECLARED_SELECTOR = YES;
				GCC_WARN_UNINITIALIZED_AUTOS = YES_AGGRESSIVE;
				GCC_WARN_UNUSED_FUNCTION = YES;
				GCC_WARN_UNUSED_VARIABLE = YES;
				IPHONEOS_DEPLOYMENT_TARGET = 10.3;
				MTL_ENABLE_DEBUG_INFO = NO;
				SDKROOT = iphoneos;
				SWIFT_OPTIMIZATION_LEVEL = "-Owholemodule";
				TARGETED_DEVICE_FAMILY = "1,2";
				VALIDATE_PRODUCT = YES;
			};
			name = Release;
		};
		D485C4C01EB2337E00787D17 /* Debug */ = {
			isa = XCBuildConfiguration;
			buildSettings = {
				ASSETCATALOG_COMPILER_APPICON_NAME = AppIcon;
				DEVELOPMENT_TEAM = 24SM6522LU;
				INFOPLIST_FILE = "Little Blue Shopping List/Info.plist";
				LD_RUNPATH_SEARCH_PATHS = "$(inherited) @executable_path/Frameworks";
				PRODUCT_BUNDLE_IDENTIFIER = "com.deakin.malcolm.Little-Blue-Shopping-List";
				PRODUCT_NAME = "$(TARGET_NAME)";
				SWIFT_VERSION = 3.0;
			};
			name = Debug;
		};
		D485C4C11EB2337E00787D17 /* Release */ = {
			isa = XCBuildConfiguration;
			buildSettings = {
				ASSETCATALOG_COMPILER_APPICON_NAME = AppIcon;
				DEVELOPMENT_TEAM = 24SM6522LU;
				INFOPLIST_FILE = "Little Blue Shopping List/Info.plist";
				LD_RUNPATH_SEARCH_PATHS = "$(inherited) @executable_path/Frameworks";
				PRODUCT_BUNDLE_IDENTIFIER = "com.deakin.malcolm.Little-Blue-Shopping-List";
				PRODUCT_NAME = "$(TARGET_NAME)";
				SWIFT_VERSION = 3.0;
			};
			name = Release;
		};
/* End XCBuildConfiguration section */

/* Begin XCConfigurationList section */
		D485C4A81EB2337E00787D17 /* Build configuration list for PBXProject "Little Blue Shopping List" */ = {
			isa = XCConfigurationList;
			buildConfigurations = (
				D485C4BD1EB2337E00787D17 /* Debug */,
				D485C4BE1EB2337E00787D17 /* Release */,
			);
			defaultConfigurationIsVisible = 0;
			defaultConfigurationName = Release;
		};
		D485C4BF1EB2337E00787D17 /* Build configuration list for PBXNativeTarget "Little Blue Shopping List" */ = {
			isa = XCConfigurationList;
			buildConfigurations = (
				D485C4C01EB2337E00787D17 /* Debug */,
				D485C4C11EB2337E00787D17 /* Release */,
			);
			defaultConfigurationIsVisible = 0;
		};
/* End XCConfigurationList section */
	};
	rootObject = D485C4A51EB2337E00787D17 /* Project object */;
}
