// !$*UTF8*$!
{
	archiveVersion = 1;
	classes = {
	};
	objectVersion = 46;
	objects = {

/* Begin PBXBuildFile section */
		D480830F1ECB005D004AA6B1 /* Utils.swift in Sources */ = {isa = PBXBuildFile; fileRef = D480830E1ECB005D004AA6B1 /* Utils.swift */; };
		D48083151ECB187B004AA6B1 /* AddStoreViewController.swift in Sources */ = {isa = PBXBuildFile; fileRef = D48083141ECB187B004AA6B1 /* AddStoreViewController.swift */; };
		D49DAA7E1ECDAE5100C5A4E4 /* Stores.swift in Sources */ = {isa = PBXBuildFile; fileRef = D49DAA7D1ECDAE5100C5A4E4 /* Stores.swift */; };
		D49DAA801ECDAE7E00C5A4E4 /* Items.swift in Sources */ = {isa = PBXBuildFile; fileRef = D49DAA7F1ECDAE7E00C5A4E4 /* Items.swift */; };
		D4E746201EC43DEC000D1E92 /* AppDelegate.swift in Sources */ = {isa = PBXBuildFile; fileRef = D4E7461F1EC43DEC000D1E92 /* AppDelegate.swift */; };
		D4E746221EC43DEC000D1E92 /* ViewController.swift in Sources */ = {isa = PBXBuildFile; fileRef = D4E746211EC43DEC000D1E92 /* ViewController.swift */; };
		D4E746251EC43DEC000D1E92 /* Main.storyboard in Resources */ = {isa = PBXBuildFile; fileRef = D4E746231EC43DEC000D1E92 /* Main.storyboard */; };
		D4E746281EC43DEC000D1E92 /* Little_Blue_Shopping_List.xcdatamodeld in Sources */ = {isa = PBXBuildFile; fileRef = D4E746261EC43DEC000D1E92 /* Little_Blue_Shopping_List.xcdatamodeld */; };
		D4E7462A1EC43DEC000D1E92 /* Assets.xcassets in Resources */ = {isa = PBXBuildFile; fileRef = D4E746291EC43DEC000D1E92 /* Assets.xcassets */; };
		D4E7463B1EC46B56000D1E92 /* StoreTableViewController.swift in Sources */ = {isa = PBXBuildFile; fileRef = D4E7463A1EC46B56000D1E92 /* StoreTableViewController.swift */; };
/* End PBXBuildFile section */

/* Begin PBXFileReference section */
		D480830E1ECB005D004AA6B1 /* Utils.swift */ = {isa = PBXFileReference; fileEncoding = 4; lastKnownFileType = sourcecode.swift; path = Utils.swift; sourceTree = "<group>"; };
		D48083141ECB187B004AA6B1 /* AddStoreViewController.swift */ = {isa = PBXFileReference; fileEncoding = 4; lastKnownFileType = sourcecode.swift; path = AddStoreViewController.swift; sourceTree = "<group>"; };
		D49DAA7D1ECDAE5100C5A4E4 /* Stores.swift */ = {isa = PBXFileReference; fileEncoding = 4; lastKnownFileType = sourcecode.swift; path = Stores.swift; sourceTree = "<group>"; };
		D49DAA7F1ECDAE7E00C5A4E4 /* Items.swift */ = {isa = PBXFileReference; fileEncoding = 4; lastKnownFileType = sourcecode.swift; path = Items.swift; sourceTree = "<group>"; };
		D4E7461C1EC43DEC000D1E92 /* Little Blue Shopping List.app */ = {isa = PBXFileReference; explicitFileType = wrapper.application; includeInIndex = 0; path = "Little Blue Shopping List.app"; sourceTree = BUILT_PRODUCTS_DIR; };
		D4E7461F1EC43DEC000D1E92 /* AppDelegate.swift */ = {isa = PBXFileReference; lastKnownFileType = sourcecode.swift; path = AppDelegate.swift; sourceTree = "<group>"; };
		D4E746211EC43DEC000D1E92 /* ViewController.swift */ = {isa = PBXFileReference; lastKnownFileType = sourcecode.swift; path = ViewController.swift; sourceTree = "<group>"; };
		D4E746241EC43DEC000D1E92 /* Base */ = {isa = PBXFileReference; lastKnownFileType = file.storyboard; name = Base; path = Base.lproj/Main.storyboard; sourceTree = "<group>"; };
		D4E746271EC43DEC000D1E92 /* Little_Blue_Shopping_List.xcdatamodel */ = {isa = PBXFileReference; lastKnownFileType = wrapper.xcdatamodel; path = Little_Blue_Shopping_List.xcdatamodel; sourceTree = "<group>"; };
		D4E746291EC43DEC000D1E92 /* Assets.xcassets */ = {isa = PBXFileReference; lastKnownFileType = folder.assetcatalog; path = Assets.xcassets; sourceTree = "<group>"; };
		D4E7462E1EC43DEC000D1E92 /* Info.plist */ = {isa = PBXFileReference; lastKnownFileType = text.plist.xml; path = Info.plist; sourceTree = "<group>"; };
		D4E7463A1EC46B56000D1E92 /* StoreTableViewController.swift */ = {isa = PBXFileReference; fileEncoding = 4; lastKnownFileType = sourcecode.swift; path = StoreTableViewController.swift; sourceTree = "<group>"; };
/* End PBXFileReference section */

/* Begin PBXFrameworksBuildPhase section */
		D4E746191EC43DEC000D1E92 /* Frameworks */ = {
			isa = PBXFrameworksBuildPhase;
			buildActionMask = 2147483647;
			files = (
			);
			runOnlyForDeploymentPostprocessing = 0;
		};
/* End PBXFrameworksBuildPhase section */

/* Begin PBXGroup section */
		D4E746131EC43DEC000D1E92 = {
			isa = PBXGroup;
			children = (
				D4E7461E1EC43DEC000D1E92 /* Little Blue Shopping List */,
				D4E7461D1EC43DEC000D1E92 /* Products */,
			);
			sourceTree = "<group>";
		};
		D4E7461D1EC43DEC000D1E92 /* Products */ = {
			isa = PBXGroup;
			children = (
				D4E7461C1EC43DEC000D1E92 /* Little Blue Shopping List.app */,
			);
			name = Products;
			sourceTree = "<group>";
		};
		D4E7461E1EC43DEC000D1E92 /* Little Blue Shopping List */ = {
			isa = PBXGroup;
			children = (
				D4E7461F1EC43DEC000D1E92 /* AppDelegate.swift */,
				D4E746211EC43DEC000D1E92 /* ViewController.swift */,
				D4E746231EC43DEC000D1E92 /* Main.storyboard */,
				D4E746291EC43DEC000D1E92 /* Assets.xcassets */,
				D4E7462E1EC43DEC000D1E92 /* Info.plist */,
				D4E746261EC43DEC000D1E92 /* Little_Blue_Shopping_List.xcdatamodeld */,
				D49DAA7F1ECDAE7E00C5A4E4 /* Items.swift */,
				D49DAA7D1ECDAE5100C5A4E4 /* Stores.swift */,
				D480830E1ECB005D004AA6B1 /* Utils.swift */,
				D4E7463A1EC46B56000D1E92 /* StoreTableViewController.swift */,
				D48083141ECB187B004AA6B1 /* AddStoreViewController.swift */,
			);
			path = "Little Blue Shopping List";
			sourceTree = "<group>";
		};
/* End PBXGroup section */

/* Begin PBXNativeTarget section */
		D4E7461B1EC43DEC000D1E92 /* Little Blue Shopping List */ = {
			isa = PBXNativeTarget;
			buildConfigurationList = D4E746311EC43DEC000D1E92 /* Build configuration list for PBXNativeTarget "Little Blue Shopping List" */;
			buildPhases = (
				D4E746181EC43DEC000D1E92 /* Sources */,
				D4E746191EC43DEC000D1E92 /* Frameworks */,
				D4E7461A1EC43DEC000D1E92 /* Resources */,
			);
			buildRules = (
			);
			dependencies = (
			);
			name = "Little Blue Shopping List";
			productName = "Little Blue Shopping List";
			productReference = D4E7461C1EC43DEC000D1E92 /* Little Blue Shopping List.app */;
			productType = "com.apple.product-type.application";
		};
/* End PBXNativeTarget section */

/* Begin PBXProject section */
		D4E746141EC43DEC000D1E92 /* Project object */ = {
			isa = PBXProject;
			attributes = {
				LastSwiftUpdateCheck = 0830;
				LastUpgradeCheck = 0830;
				ORGANIZATIONNAME = Deakin;
				TargetAttributes = {
					D4E7461B1EC43DEC000D1E92 = {
						CreatedOnToolsVersion = 8.3.2;
						DevelopmentTeam = 24SM6522LU;
						ProvisioningStyle = Automatic;
					};
				};
			};
			buildConfigurationList = D4E746171EC43DEC000D1E92 /* Build configuration list for PBXProject "Little Blue Shopping List" */;
			compatibilityVersion = "Xcode 3.2";
			developmentRegion = English;
			hasScannedForEncodings = 0;
			knownRegions = (
				en,
				Base,
			);
			mainGroup = D4E746131EC43DEC000D1E92;
			productRefGroup = D4E7461D1EC43DEC000D1E92 /* Products */;
			projectDirPath = "";
			projectRoot = "";
			targets = (
				D4E7461B1EC43DEC000D1E92 /* Little Blue Shopping List */,
			);
		};
/* End PBXProject section */

/* Begin PBXResourcesBuildPhase section */
		D4E7461A1EC43DEC000D1E92 /* Resources */ = {
			isa = PBXResourcesBuildPhase;
			buildActionMask = 2147483647;
			files = (
				D4E7462A1EC43DEC000D1E92 /* Assets.xcassets in Resources */,
				D4E746251EC43DEC000D1E92 /* Main.storyboard in Resources */,
			);
			runOnlyForDeploymentPostprocessing = 0;
		};
/* End PBXResourcesBuildPhase section */

/* Begin PBXSourcesBuildPhase section */
		D4E746181EC43DEC000D1E92 /* Sources */ = {
			isa = PBXSourcesBuildPhase;
			buildActionMask = 2147483647;
			files = (
				D49DAA801ECDAE7E00C5A4E4 /* Items.swift in Sources */,
				D49DAA7E1ECDAE5100C5A4E4 /* Stores.swift in Sources */,
				D4E746221EC43DEC000D1E92 /* ViewController.swift in Sources */,
				D4E746281EC43DEC000D1E92 /* Little_Blue_Shopping_List.xcdatamodeld in Sources */,
				D480830F1ECB005D004AA6B1 /* Utils.swift in Sources */,
				D48083151ECB187B004AA6B1 /* AddStoreViewController.swift in Sources */,
				D4E746201EC43DEC000D1E92 /* AppDelegate.swift in Sources */,
				D4E7463B1EC46B56000D1E92 /* StoreTableViewController.swift in Sources */,
			);
			runOnlyForDeploymentPostprocessing = 0;
		};
/* End PBXSourcesBuildPhase section */

/* Begin PBXVariantGroup section */
		D4E746231EC43DEC000D1E92 /* Main.storyboard */ = {
			isa = PBXVariantGroup;
			children = (
				D4E746241EC43DEC000D1E92 /* Base */,
			);
			name = Main.storyboard;
			sourceTree = "<group>";
		};
/* End PBXVariantGroup section */

/* Begin XCBuildConfiguration section */
		D4E7462F1EC43DEC000D1E92 /* Debug */ = {
			isa = XCBuildConfiguration;
			buildSettings = {
				ALWAYS_SEARCH_USER_PATHS = NO;
				CLANG_ANALYZER_NONNULL = YES;
				CLANG_ANALYZER_NUMBER_OBJECT_CONVERSION = YES_AGGRESSIVE;
				CLANG_CXX_LANGUAGE_STANDARD = "gnu++0x";
				CLANG_CXX_LIBRARY = "libc++";
				CLANG_ENABLE_MODULES = YES;
				CLANG_ENABLE_OBJC_ARC = YES;
				CLANG_WARN_BOOL_CONVERSION = YES;
				CLANG_WARN_CONSTANT_CONVERSION = YES;
				CLANG_WARN_DIRECT_OBJC_ISA_USAGE = YES_ERROR;
				CLANG_WARN_DOCUMENTATION_COMMENTS = YES;
				CLANG_WARN_EMPTY_BODY = YES;
				CLANG_WARN_ENUM_CONVERSION = YES;
				CLANG_WARN_INFINITE_RECURSION = YES;
				CLANG_WARN_INT_CONVERSION = YES;
				CLANG_WARN_OBJC_ROOT_CLASS = YES_ERROR;
				CLANG_WARN_SUSPICIOUS_MOVE = YES;
				CLANG_WARN_UNREACHABLE_CODE = YES;
				CLANG_WARN__DUPLICATE_METHOD_MATCH = YES;
				"CODE_SIGN_IDENTITY[sdk=iphoneos*]" = "iPhone Developer";
				COPY_PHASE_STRIP = NO;
				DEBUG_INFORMATION_FORMAT = dwarf;
				ENABLE_STRICT_OBJC_MSGSEND = YES;
				ENABLE_TESTABILITY = YES;
				GCC_C_LANGUAGE_STANDARD = gnu99;
				GCC_DYNAMIC_NO_PIC = NO;
				GCC_NO_COMMON_BLOCKS = YES;
				GCC_OPTIMIZATION_LEVEL = 0;
				GCC_PREPROCESSOR_DEFINITIONS = (
					"DEBUG=1",
					"$(inherited)",
				);
				GCC_WARN_64_TO_32_BIT_CONVERSION = YES;
				GCC_WARN_ABOUT_RETURN_TYPE = YES_ERROR;
				GCC_WARN_UNDECLARED_SELECTOR = YES;
				GCC_WARN_UNINITIALIZED_AUTOS = YES_AGGRESSIVE;
				GCC_WARN_UNUSED_FUNCTION = YES;
				GCC_WARN_UNUSED_VARIABLE = YES;
				IPHONEOS_DEPLOYMENT_TARGET = 10.3;
				MTL_ENABLE_DEBUG_INFO = YES;
				ONLY_ACTIVE_ARCH = YES;
				SDKROOT = iphoneos;
				SWIFT_ACTIVE_COMPILATION_CONDITIONS = DEBUG;
				SWIFT_OPTIMIZATION_LEVEL = "-Onone";
				TARGETED_DEVICE_FAMILY = "1,2";
			};
			name = Debug;
		};
		D4E746301EC43DEC000D1E92 /* Release */ = {
			isa = XCBuildConfiguration;
			buildSettings = {
				ALWAYS_SEARCH_USER_PATHS = NO;
				CLANG_ANALYZER_NONNULL = YES;
				CLANG_ANALYZER_NUMBER_OBJECT_CONVERSION = YES_AGGRESSIVE;
				CLANG_CXX_LANGUAGE_STANDARD = "gnu++0x";
				CLANG_CXX_LIBRARY = "libc++";
				CLANG_ENABLE_MODULES = YES;
				CLANG_ENABLE_OBJC_ARC = YES;
				CLANG_WARN_BOOL_CONVERSION = YES;
				CLANG_WARN_CONSTANT_CONVERSION = YES;
				CLANG_WARN_DIRECT_OBJC_ISA_USAGE = YES_ERROR;
				CLANG_WARN_DOCUMENTATION_COMMENTS = YES;
				CLANG_WARN_EMPTY_BODY = YES;
				CLANG_WARN_ENUM_CONVERSION = YES;
				CLANG_WARN_INFINITE_RECURSION = YES;
				CLANG_WARN_INT_CONVERSION = YES;
				CLANG_WARN_OBJC_ROOT_CLASS = YES_ERROR;
				CLANG_WARN_SUSPICIOUS_MOVE = YES;
				CLANG_WARN_UNREACHABLE_CODE = YES;
				CLANG_WARN__DUPLICATE_METHOD_MATCH = YES;
				"CODE_SIGN_IDENTITY[sdk=iphoneos*]" = "iPhone Developer";
				COPY_PHASE_STRIP = NO;
				DEBUG_INFORMATION_FORMAT = "dwarf-with-dsym";
				ENABLE_NS_ASSERTIONS = NO;
				ENABLE_STRICT_OBJC_MSGSEND = YES;
				GCC_C_LANGUAGE_STANDARD = gnu99;
				GCC_NO_COMMON_BLOCKS = YES;
				GCC_WARN_64_TO_32_BIT_CONVERSION = YES;
				GCC_WARN_ABOUT_RETURN_TYPE = YES_ERROR;
				GCC_WARN_UNDECLARED_SELECTOR = YES;
				GCC_WARN_UNINITIALIZED_AUTOS = YES_AGGRESSIVE;
				GCC_WARN_UNUSED_FUNCTION = YES;
				GCC_WARN_UNUSED_VARIABLE = YES;
				IPHONEOS_DEPLOYMENT_TARGET = 10.3;
				MTL_ENABLE_DEBUG_INFO = NO;
				SDKROOT = iphoneos;
				SWIFT_OPTIMIZATION_LEVEL = "-Owholemodule";
				TARGETED_DEVICE_FAMILY = "1,2";
				VALIDATE_PRODUCT = YES;
			};
			name = Release;
		};
		D4E746321EC43DEC000D1E92 /* Debug */ = {
			isa = XCBuildConfiguration;
			buildSettings = {
				ASSETCATALOG_COMPILER_APPICON_NAME = AppIcon;
				DEVELOPMENT_TEAM = 24SM6522LU;
				INFOPLIST_FILE = "Little Blue Shopping List/Info.plist";
				LD_RUNPATH_SEARCH_PATHS = "$(inherited) @executable_path/Frameworks";
				PRODUCT_BUNDLE_IDENTIFIER = "com.deakin.malcolm.Little-Blue-Shopping-List";
				PRODUCT_NAME = "$(TARGET_NAME)";
				SWIFT_VERSION = 3.0;
			};
			name = Debug;
		};
		D4E746331EC43DEC000D1E92 /* Release */ = {
			isa = XCBuildConfiguration;
			buildSettings = {
				ASSETCATALOG_COMPILER_APPICON_NAME = AppIcon;
				DEVELOPMENT_TEAM = 24SM6522LU;
				INFOPLIST_FILE = "Little Blue Shopping List/Info.plist";
				LD_RUNPATH_SEARCH_PATHS = "$(inherited) @executable_path/Frameworks";
				PRODUCT_BUNDLE_IDENTIFIER = "com.deakin.malcolm.Little-Blue-Shopping-List";
				PRODUCT_NAME = "$(TARGET_NAME)";
				SWIFT_VERSION = 3.0;
			};
			name = Release;
		};
/* End XCBuildConfiguration section */

/* Begin XCConfigurationList section */
		D4E746171EC43DEC000D1E92 /* Build configuration list for PBXProject "Little Blue Shopping List" */ = {
			isa = XCConfigurationList;
			buildConfigurations = (
				D4E7462F1EC43DEC000D1E92 /* Debug */,
				D4E746301EC43DEC000D1E92 /* Release */,
			);
			defaultConfigurationIsVisible = 0;
			defaultConfigurationName = Release;
		};
		D4E746311EC43DEC000D1E92 /* Build configuration list for PBXNativeTarget "Little Blue Shopping List" */ = {
			isa = XCConfigurationList;
			buildConfigurations = (
				D4E746321EC43DEC000D1E92 /* Debug */,
				D4E746331EC43DEC000D1E92 /* Release */,
			);
			defaultConfigurationIsVisible = 0;
			defaultConfigurationName = Release;
		};
/* End XCConfigurationList section */

/* Begin XCVersionGroup section */
		D4E746261EC43DEC000D1E92 /* Little_Blue_Shopping_List.xcdatamodeld */ = {
			isa = XCVersionGroup;
			children = (
				D4E746271EC43DEC000D1E92 /* Little_Blue_Shopping_List.xcdatamodel */,
			);
			currentVersion = D4E746271EC43DEC000D1E92 /* Little_Blue_Shopping_List.xcdatamodel */;
			path = Little_Blue_Shopping_List.xcdatamodeld;
			sourceTree = "<group>";
			versionGroupType = wrapper.xcdatamodel;
		};
/* End XCVersionGroup section */
	};
	rootObject = D4E746141EC43DEC000D1E92 /* Project object */;
}
